// !$*UTF8*$!
{
	archiveVersion = 1;
	classes = {
	};
	objectVersion = 46;
	objects = {

/* Begin PBXBuildFile section */
		43ACFE8E1A7C9FD000A8D875 /* main.c in Sources */ = {isa = PBXBuildFile; fileRef = 43ACFE8D1A7C9FD000A8D875 /* main.c */; };
/* End PBXBuildFile section */

/* Begin PBXCopyFilesBuildPhase section */
		43ACFE881A7C9FD000A8D875 /* CopyFiles */ = {
			isa = PBXCopyFilesBuildPhase;
			buildActionMask = 2147483647;
			dstPath = /usr/share/man/man1/;
			dstSubfolderSpec = 0;
			files = (
			);
			runOnlyForDeploymentPostprocessing = 1;
		};
/* End PBXCopyFilesBuildPhase section */

/* Begin PBXFileReference section */
		43ACFE8A1A7C9FD000A8D875 /* generic Linear Search */ = {isa = PBXFileReference; explicitFileType = "compiled.mach-o.executable"; includeInIndex = 0; path = "generic Linear Search"; sourceTree = BUILT_PRODUCTS_DIR; };
		43ACFE8D1A7C9FD000A8D875 /* main.c */ = {isa = PBXFileReference; lastKnownFileType = sourcecode.c.c; path = main.c; sourceTree = "<group>"; };
/* End PBXFileReference section */

/* Begin PBXFrameworksBuildPhase section */
		43ACFE871A7C9FD000A8D875 /* Frameworks */ = {
			isa = PBXFrameworksBuildPhase;
			buildActionMask = 2147483647;
			files = (
			);
			runOnlyForDeploymentPostprocessing = 0;
		};
/* End PBXFrameworksBuildPhase section */

/* Begin PBXGroup section */
		43ACFE811A7C9FD000A8D875 = {
			isa = PBXGroup;
			children = (
				43ACFE8C1A7C9FD000A8D875 /* generic Linear Search */,
				43ACFE8B1A7C9FD000A8D875 /* Products */,
			);
			sourceTree = "<group>";
		};
		43ACFE8B1A7C9FD000A8D875 /* Products */ = {
			isa = PBXGroup;
			children = (
				43ACFE8A1A7C9FD000A8D875 /* generic Linear Search */,
			);
			name = Products;
			sourceTree = "<group>";
		};
		43ACFE8C1A7C9FD000A8D875 /* generic Linear Search */ = {
			isa = PBXGroup;
			children = (
				43ACFE8D1A7C9FD000A8D875 /* main.c */,
			);
			path = "generic Linear Search";
			sourceTree = "<group>";
		};
/* End PBXGroup section */

/* Begin PBXNativeTarget section */
		43ACFE891A7C9FD000A8D875 /* generic Linear Search */ = {
			isa = PBXNativeTarget;
			buildConfigurationList = 43ACFE911A7C9FD000A8D875 /* Build configuration list for PBXNativeTarget "generic Linear Search" */;
			buildPhases = (
				43ACFE861A7C9FD000A8D875 /* Sources */,
				43ACFE871A7C9FD000A8D875 /* Frameworks */,
				43ACFE881A7C9FD000A8D875 /* CopyFiles */,
			);
			buildRules = (
			);
			dependencies = (
			);
			name = "generic Linear Search";
			productName = "generic Linear Search";
			productReference = 43ACFE8A1A7C9FD000A8D875 /* generic Linear Search */;
			productType = "com.apple.product-type.tool";
		};
/* End PBXNativeTarget section */

/* Begin PBXProject section */
		43ACFE821A7C9FD000A8D875 /* Project object */ = {
			isa = PBXProject;
			attributes = {
				LastUpgradeCheck = 0610;
				ORGANIZATIONNAME = "Shankul Jain";
				TargetAttributes = {
					43ACFE891A7C9FD000A8D875 = {
						CreatedOnToolsVersion = 6.1.1;
					};
				};
			};
			buildConfigurationList = 43ACFE851A7C9FD000A8D875 /* Build configuration list for PBXProject "generic Linear Search" */;
			compatibilityVersion = "Xcode 3.2";
			developmentRegion = English;
			hasScannedForEncodings = 0;
			knownRegions = (
				en,
			);
			mainGroup = 43ACFE811A7C9FD000A8D875;
			productRefGroup = 43ACFE8B1A7C9FD000A8D875 /* Products */;
			projectDirPath = "";
			projectRoot = "";
			targets = (
				43ACFE891A7C9FD000A8D875 /* generic Linear Search */,
			);
		};
/* End PBXProject section */

/* Begin PBXSourcesBuildPhase section */
		43ACFE861A7C9FD000A8D875 /* Sources */ = {
			isa = PBXSourcesBuildPhase;
			buildActionMask = 2147483647;
			files = (
				43ACFE8E1A7C9FD000A8D875 /* main.c in Sources */,
			);
			runOnlyForDeploymentPostprocessing = 0;
		};
/* End PBXSourcesBuildPhase section */

/* Begin XCBuildConfiguration section */
		43ACFE8F1A7C9FD000A8D875 /* Debug */ = {
			isa = XCBuildConfiguration;
			buildSettings = {
				ALWAYS_SEARCH_USER_PATHS = NO;
				CLANG_CXX_LANGUAGE_STANDARD = "gnu++0x";
				CLANG_CXX_LIBRARY = "libc++";
				CLANG_ENABLE_MODULES = YES;
				CLANG_ENABLE_OBJC_ARC = YES;
				CLANG_WARN_BOOL_CONVERSION = YES;
				CLANG_WARN_CONSTANT_CONVERSION = YES;
				CLANG_WARN_DIRECT_OBJC_ISA_USAGE = YES_ERROR;
				CLANG_WARN_EMPTY_BODY = YES;
				CLANG_WARN_ENUM_CONVERSION = YES;
				CLANG_WARN_INT_CONVERSION = YES;
				CLANG_WARN_OBJC_ROOT_CLASS = YES_ERROR;
				CLANG_WARN_UNREACHABLE_CODE = YES;
				CLANG_WARN__DUPLICATE_METHOD_MATCH = YES;
				COPY_PHASE_STRIP = NO;
				ENABLE_STRICT_OBJC_MSGSEND = YES;
				GCC_C_LANGUAGE_STANDARD = gnu99;
				GCC_DYNAMIC_NO_PIC = NO;
				GCC_OPTIMIZATION_LEVEL = 0;
				GCC_PREPROCESSOR_DEFINITIONS = (
					"DEBUG=1",
					"$(inherited)",
				);
				GCC_SYMBOLS_PRIVATE_EXTERN = NO;
				GCC_WARN_64_TO_32_BIT_CONVERSION = YES;
				GCC_WARN_ABOUT_RETURN_TYPE = YES_ERROR;
				GCC_WARN_UNDECLARED_SELECTOR = YES;
				GCC_WARN_UNINITIALIZED_AUTOS = YES_AGGRESSIVE;
				GCC_WARN_UNUSED_FUNCTION = YES;
				GCC_WARN_UNUSED_VARIABLE = YES;
				MACOSX_DEPLOYMENT_TARGET = 10.10;
				MTL_ENABLE_DEBUG_INFO = YES;
				ONLY_ACTIVE_ARCH = YES;
				SDKROOT = macosx;
			};
			name = Debug;
		};
		43ACFE901A7C9FD000A8D875 /* Release */ = {
			isa = XCBuildConfiguration;
			buildSettings = {
				ALWAYS_SEARCH_USER_PATHS = NO;
				CLANG_CXX_LANGUAGE_STANDARD = "gnu++0x";
				CLANG_CXX_LIBRARY = "libc++";
				CLANG_ENABLE_MODULES = YES;
				CLANG_ENABLE_OBJC_ARC = YES;
				CLANG_WARN_BOOL_CONVERSION = YES;
				CLANG_WARN_CONSTANT_CONVERSION = YES;
				CLANG_WARN_DIRECT_OBJC_ISA_USAGE = YES_ERROR;
				CLANG_WARN_EMPTY_BODY = YES;
				CLANG_WARN_ENUM_CONVERSION = YES;
				CLANG_WARN_INT_CONVERSION = YES;
				CLANG_WARN_OBJC_ROOT_CLASS = YES_ERROR;
				CLANG_WARN_UNREACHABLE_CODE = YES;
				CLANG_WARN__DUPLICATE_METHOD_MATCH = YES;
				COPY_PHASE_STRIP = YES;
				DEBUG_INFORMATION_FORMAT = "dwarf-with-dsym";
				ENABLE_NS_ASSERTIONS = NO;
				ENABLE_STRICT_OBJC_MSGSEND = YES;
				GCC_C_LANGUAGE_STANDARD = gnu99;
				GCC_WARN_64_TO_32_BIT_CONVERSION = YES;
				GCC_WARN_ABOUT_RETURN_TYPE = YES_ERROR;
				GCC_WARN_UNDECLARED_SELECTOR = YES;
				GCC_WARN_UNINITIALIZED_AUTOS = YES_AGGRESSIVE;
				GCC_WARN_UNUSED_FUNCTION = YES;
				GCC_WARN_UNUSED_VARIABLE = YES;
				MACOSX_DEPLOYMENT_TARGET = 10.10;
				MTL_ENABLE_DEBUG_INFO = NO;
				SDKROOT = macosx;
			};
			name = Release;
		};
		43ACFE921A7C9FD000A8D875 /* Debug */ = {
			isa = XCBuildConfiguration;
			buildSettings = {
				PRODUCT_NAME = "$(TARGET_NAME)";
			};
			name = Debug;
		};
		43ACFE931A7C9FD000A8D875 /* Release */ = {
			isa = XCBuildConfiguration;
			buildSettings = {
				PRODUCT_NAME = "$(TARGET_NAME)";
			};
			name = Release;
		};
/* End XCBuildConfiguration section */

/* Begin XCConfigurationList section */
		43ACFE851A7C9FD000A8D875 /* Build configuration list for PBXProject "generic Linear Search" */ = {
			isa = XCConfigurationList;
			buildConfigurations = (
				43ACFE8F1A7C9FD000A8D875 /* Debug */,
				43ACFE901A7C9FD000A8D875 /* Release */,
			);
			defaultConfigurationIsVisible = 0;
			defaultConfigurationName = Release;
		};
		43ACFE911A7C9FD000A8D875 /* Build configuration list for PBXNativeTarget "generic Linear Search" */ = {
			isa = XCConfigurationList;
			buildConfigurations = (
				43ACFE921A7C9FD000A8D875 /* Debug */,
				43ACFE931A7C9FD000A8D875 /* Release */,
			);
			defaultConfigurationIsVisible = 0;
		};
/* End XCConfigurationList section */
	};
	rootObject = 43ACFE821A7C9FD000A8D875 /* Project object */;
}
